// !$*UTF8*$!
{
	archiveVersion = 1;
	classes = {
	};
	objectVersion = 51;
	objects = {

/* Begin PBXBuildFile section */
		4721747417BBD6CCA327E862 /* Pods_BLOCK_OFFTests.framework in Frameworks */ = {isa = PBXBuildFile; fileRef = EE88CB8815FE237A74688586 /* Pods_BLOCK_OFFTests.framework */; };
		80530D006F8BF9AD08D583CA /* Pods_BLOCK_OFF.framework in Frameworks */ = {isa = PBXBuildFile; fileRef = B8023D849B58E36E29240C59 /* Pods_BLOCK_OFF.framework */; };
		EC1E1B63243E7730003B1202 /* AppDelegate.swift in Sources */ = {isa = PBXBuildFile; fileRef = EC1E1B62243E7730003B1202 /* AppDelegate.swift */; };
		EC1E1B65243E7730003B1202 /* SceneDelegate.swift in Sources */ = {isa = PBXBuildFile; fileRef = EC1E1B64243E7730003B1202 /* SceneDelegate.swift */; };
		EC1E1B6C243E7734003B1202 /* Assets.xcassets in Resources */ = {isa = PBXBuildFile; fileRef = EC1E1B6B243E7734003B1202 /* Assets.xcassets */; };
		EC1E1B6F243E7734003B1202 /* LaunchScreen.storyboard in Resources */ = {isa = PBXBuildFile; fileRef = EC1E1B6D243E7734003B1202 /* LaunchScreen.storyboard */; };
		EC1E1B7A243E7734003B1202 /* BLOCK_OFFTests.swift in Sources */ = {isa = PBXBuildFile; fileRef = EC1E1B79243E7734003B1202 /* BLOCK_OFFTests.swift */; };
		EC1E1B85243E7734003B1202 /* BLOCK_OFFUITests.swift in Sources */ = {isa = PBXBuildFile; fileRef = EC1E1B84243E7734003B1202 /* BLOCK_OFFUITests.swift */; };
		ECB1EE38243F17ED002F20C5 /* Poppins-ExtraLight.ttf in Resources */ = {isa = PBXBuildFile; fileRef = ECB1EE25243F17ED002F20C5 /* Poppins-ExtraLight.ttf */; };
		ECB1EE39243F17ED002F20C5 /* Poppins-ThinItalic.ttf in Resources */ = {isa = PBXBuildFile; fileRef = ECB1EE26243F17ED002F20C5 /* Poppins-ThinItalic.ttf */; };
		ECB1EE3A243F17ED002F20C5 /* Poppins-ExtraLightItalic.ttf in Resources */ = {isa = PBXBuildFile; fileRef = ECB1EE27243F17ED002F20C5 /* Poppins-ExtraLightItalic.ttf */; };
		ECB1EE3B243F17ED002F20C5 /* Poppins-BoldItalic.ttf in Resources */ = {isa = PBXBuildFile; fileRef = ECB1EE28243F17ED002F20C5 /* Poppins-BoldItalic.ttf */; };
		ECB1EE3C243F17ED002F20C5 /* Poppins-Light.ttf in Resources */ = {isa = PBXBuildFile; fileRef = ECB1EE29243F17ED002F20C5 /* Poppins-Light.ttf */; };
		ECB1EE3D243F17ED002F20C5 /* Poppins-Medium.ttf in Resources */ = {isa = PBXBuildFile; fileRef = ECB1EE2A243F17ED002F20C5 /* Poppins-Medium.ttf */; };
		ECB1EE3E243F17ED002F20C5 /* Poppins-SemiBoldItalic.ttf in Resources */ = {isa = PBXBuildFile; fileRef = ECB1EE2B243F17ED002F20C5 /* Poppins-SemiBoldItalic.ttf */; };
		ECB1EE3F243F17ED002F20C5 /* Poppins-ExtraBoldItalic.ttf in Resources */ = {isa = PBXBuildFile; fileRef = ECB1EE2C243F17ED002F20C5 /* Poppins-ExtraBoldItalic.ttf */; };
		ECB1EE40243F17ED002F20C5 /* Poppins-ExtraBold.ttf in Resources */ = {isa = PBXBuildFile; fileRef = ECB1EE2D243F17ED002F20C5 /* Poppins-ExtraBold.ttf */; };
		ECB1EE41243F17ED002F20C5 /* Poppins-BlackItalic.ttf in Resources */ = {isa = PBXBuildFile; fileRef = ECB1EE2E243F17ED002F20C5 /* Poppins-BlackItalic.ttf */; };
		ECB1EE43243F17ED002F20C5 /* Poppins-Regular.ttf in Resources */ = {isa = PBXBuildFile; fileRef = ECB1EE30243F17ED002F20C5 /* Poppins-Regular.ttf */; };
		ECB1EE44243F17ED002F20C5 /* Poppins-LightItalic.ttf in Resources */ = {isa = PBXBuildFile; fileRef = ECB1EE31243F17ED002F20C5 /* Poppins-LightItalic.ttf */; };
		ECB1EE45243F17ED002F20C5 /* Poppins-Bold.ttf in Resources */ = {isa = PBXBuildFile; fileRef = ECB1EE32243F17ED002F20C5 /* Poppins-Bold.ttf */; };
		ECB1EE46243F17ED002F20C5 /* Poppins-Black.ttf in Resources */ = {isa = PBXBuildFile; fileRef = ECB1EE33243F17ED002F20C5 /* Poppins-Black.ttf */; };
		ECB1EE47243F17ED002F20C5 /* Poppins-Thin.ttf in Resources */ = {isa = PBXBuildFile; fileRef = ECB1EE34243F17ED002F20C5 /* Poppins-Thin.ttf */; };
		ECB1EE48243F17ED002F20C5 /* Poppins-SemiBold.ttf in Resources */ = {isa = PBXBuildFile; fileRef = ECB1EE35243F17ED002F20C5 /* Poppins-SemiBold.ttf */; };
		ECB1EE49243F17ED002F20C5 /* Poppins-Italic.ttf in Resources */ = {isa = PBXBuildFile; fileRef = ECB1EE36243F17ED002F20C5 /* Poppins-Italic.ttf */; };
		ECB1EE4A243F17ED002F20C5 /* Poppins-MediumItalic.ttf in Resources */ = {isa = PBXBuildFile; fileRef = ECB1EE37243F17ED002F20C5 /* Poppins-MediumItalic.ttf */; };
		ECB1EE4C243F61E0002F20C5 /* AppCoordinator.swift in Sources */ = {isa = PBXBuildFile; fileRef = ECB1EE4B243F61E0002F20C5 /* AppCoordinator.swift */; };
		ECB1EE52243F6B7A002F20C5 /* Authentication.storyboard in Resources */ = {isa = PBXBuildFile; fileRef = ECB1EE51243F6B7A002F20C5 /* Authentication.storyboard */; };
		ECB1EE54243F6DC2002F20C5 /* LoginVC.swift in Sources */ = {isa = PBXBuildFile; fileRef = ECB1EE53243F6DC2002F20C5 /* LoginVC.swift */; };
		ECB1EE56243F6E0E002F20C5 /* UIViewController.swift in Sources */ = {isa = PBXBuildFile; fileRef = ECB1EE55243F6E0D002F20C5 /* UIViewController.swift */; };
		ECB1EE59243F6E75002F20C5 /* HomeVC.swift in Sources */ = {isa = PBXBuildFile; fileRef = ECB1EE58243F6E75002F20C5 /* HomeVC.swift */; };
		ECB1EE5D243F6EDC002F20C5 /* Home.storyboard in Resources */ = {isa = PBXBuildFile; fileRef = ECB1EE5C243F6EDC002F20C5 /* Home.storyboard */; };
		ECB1EE5F243F6F3A002F20C5 /* Connectivity.swift in Sources */ = {isa = PBXBuildFile; fileRef = ECB1EE5E243F6F3A002F20C5 /* Connectivity.swift */; };
		ECB1EE61243F6F57002F20C5 /* Constant.swift in Sources */ = {isa = PBXBuildFile; fileRef = ECB1EE60243F6F57002F20C5 /* Constant.swift */; };
		ECB1EE63243F6F8A002F20C5 /* UIView.swift in Sources */ = {isa = PBXBuildFile; fileRef = ECB1EE62243F6F8A002F20C5 /* UIView.swift */; };
		ECB1EE65243F6FAD002F20C5 /* AuthToken.swift in Sources */ = {isa = PBXBuildFile; fileRef = ECB1EE64243F6FAD002F20C5 /* AuthToken.swift */; };
		ECB1EE67243F6FE6002F20C5 /* UIImageView.swift in Sources */ = {isa = PBXBuildFile; fileRef = ECB1EE66243F6FE6002F20C5 /* UIImageView.swift */; };
		ECB1EE69243F7011002F20C5 /* Date.swift in Sources */ = {isa = PBXBuildFile; fileRef = ECB1EE68243F7011002F20C5 /* Date.swift */; };
		ECB1EE6B243F7019002F20C5 /* Decodable+.swift in Sources */ = {isa = PBXBuildFile; fileRef = ECB1EE6A243F7019002F20C5 /* Decodable+.swift */; };
		ECB1EE72243F702A002F20C5 /* CustomPresentationController.swift in Sources */ = {isa = PBXBuildFile; fileRef = ECB1EE6D243F702A002F20C5 /* CustomPresentationController.swift */; };
		ECB1EE73243F702A002F20C5 /* Interactor.swift in Sources */ = {isa = PBXBuildFile; fileRef = ECB1EE6E243F702A002F20C5 /* Interactor.swift */; };
		ECB1EE74243F702A002F20C5 /* VisualEffectView.swift in Sources */ = {isa = PBXBuildFile; fileRef = ECB1EE6F243F702A002F20C5 /* VisualEffectView.swift */; };
		ECB1EE75243F702A002F20C5 /* DismissAnimator.swift in Sources */ = {isa = PBXBuildFile; fileRef = ECB1EE70243F702A002F20C5 /* DismissAnimator.swift */; };
		ECB1EE76243F702A002F20C5 /* PresentAnimator.swift in Sources */ = {isa = PBXBuildFile; fileRef = ECB1EE71243F702A002F20C5 /* PresentAnimator.swift */; };
		ECB1EE7C243F753E002F20C5 /* AuthenticationCoordinatorProtocol.swift in Sources */ = {isa = PBXBuildFile; fileRef = ECB1EE7B243F753E002F20C5 /* AuthenticationCoordinatorProtocol.swift */; };
		ECB1EE7E243F755B002F20C5 /* AuthenticationCoordinator.swift in Sources */ = {isa = PBXBuildFile; fileRef = ECB1EE7D243F755B002F20C5 /* AuthenticationCoordinator.swift */; };
		ECB1EE81243F7652002F20C5 /* ForgotPasswordVC.swift in Sources */ = {isa = PBXBuildFile; fileRef = ECB1EE80243F7652002F20C5 /* ForgotPasswordVC.swift */; };
		ECB1EE84243F76C9002F20C5 /* RegisterVC.swift in Sources */ = {isa = PBXBuildFile; fileRef = ECB1EE83243F76C9002F20C5 /* RegisterVC.swift */; };
		ED30BD3C6892DFC3DE81F9EE /* Pods_BLOCK_OFF_BLOCK_OFFUITests.framework in Frameworks */ = {isa = PBXBuildFile; fileRef = 90B6AF7F7EAD7E9E4369CECC /* Pods_BLOCK_OFF_BLOCK_OFFUITests.framework */; };
/* End PBXBuildFile section */

/* Begin PBXContainerItemProxy section */
		EC1E1B76243E7734003B1202 /* PBXContainerItemProxy */ = {
			isa = PBXContainerItemProxy;
			containerPortal = EC1E1B57243E7730003B1202 /* Project object */;
			proxyType = 1;
			remoteGlobalIDString = EC1E1B5E243E7730003B1202;
			remoteInfo = "BLOCK OFF";
		};
		EC1E1B81243E7734003B1202 /* PBXContainerItemProxy */ = {
			isa = PBXContainerItemProxy;
			containerPortal = EC1E1B57243E7730003B1202 /* Project object */;
			proxyType = 1;
			remoteGlobalIDString = EC1E1B5E243E7730003B1202;
			remoteInfo = "BLOCK OFF";
		};
/* End PBXContainerItemProxy section */

/* Begin PBXFileReference section */
		4027551BCEDB9EF03493AB31 /* Pods-BLOCK OFF.debug.xcconfig */ = {isa = PBXFileReference; includeInIndex = 1; lastKnownFileType = text.xcconfig; name = "Pods-BLOCK OFF.debug.xcconfig"; path = "Target Support Files/Pods-BLOCK OFF/Pods-BLOCK OFF.debug.xcconfig"; sourceTree = "<group>"; };
		4E11ACFB77AD800E0ECE34DD /* Pods-BLOCK OFFTests.release.xcconfig */ = {isa = PBXFileReference; includeInIndex = 1; lastKnownFileType = text.xcconfig; name = "Pods-BLOCK OFFTests.release.xcconfig"; path = "Target Support Files/Pods-BLOCK OFFTests/Pods-BLOCK OFFTests.release.xcconfig"; sourceTree = "<group>"; };
		90B6AF7F7EAD7E9E4369CECC /* Pods_BLOCK_OFF_BLOCK_OFFUITests.framework */ = {isa = PBXFileReference; explicitFileType = wrapper.framework; includeInIndex = 0; path = Pods_BLOCK_OFF_BLOCK_OFFUITests.framework; sourceTree = BUILT_PRODUCTS_DIR; };
		AB9D2D424CB05D784D6ECBE4 /* Pods-BLOCK OFFTests.debug.xcconfig */ = {isa = PBXFileReference; includeInIndex = 1; lastKnownFileType = text.xcconfig; name = "Pods-BLOCK OFFTests.debug.xcconfig"; path = "Target Support Files/Pods-BLOCK OFFTests/Pods-BLOCK OFFTests.debug.xcconfig"; sourceTree = "<group>"; };
		B8023D849B58E36E29240C59 /* Pods_BLOCK_OFF.framework */ = {isa = PBXFileReference; explicitFileType = wrapper.framework; includeInIndex = 0; path = Pods_BLOCK_OFF.framework; sourceTree = BUILT_PRODUCTS_DIR; };
		BCF2780BFABAE3B6DA93AED6 /* Pods-BLOCK OFF.release.xcconfig */ = {isa = PBXFileReference; includeInIndex = 1; lastKnownFileType = text.xcconfig; name = "Pods-BLOCK OFF.release.xcconfig"; path = "Target Support Files/Pods-BLOCK OFF/Pods-BLOCK OFF.release.xcconfig"; sourceTree = "<group>"; };
		D94067995F86A97E25429BBC /* Pods-BLOCK OFF-BLOCK OFFUITests.release.xcconfig */ = {isa = PBXFileReference; includeInIndex = 1; lastKnownFileType = text.xcconfig; name = "Pods-BLOCK OFF-BLOCK OFFUITests.release.xcconfig"; path = "Target Support Files/Pods-BLOCK OFF-BLOCK OFFUITests/Pods-BLOCK OFF-BLOCK OFFUITests.release.xcconfig"; sourceTree = "<group>"; };
		EC1E1B5F243E7730003B1202 /* BLOCK OFF.app */ = {isa = PBXFileReference; explicitFileType = wrapper.application; includeInIndex = 0; path = "BLOCK OFF.app"; sourceTree = BUILT_PRODUCTS_DIR; };
		EC1E1B62243E7730003B1202 /* AppDelegate.swift */ = {isa = PBXFileReference; lastKnownFileType = sourcecode.swift; path = AppDelegate.swift; sourceTree = "<group>"; };
		EC1E1B64243E7730003B1202 /* SceneDelegate.swift */ = {isa = PBXFileReference; lastKnownFileType = sourcecode.swift; path = SceneDelegate.swift; sourceTree = "<group>"; };
		EC1E1B6B243E7734003B1202 /* Assets.xcassets */ = {isa = PBXFileReference; lastKnownFileType = folder.assetcatalog; path = Assets.xcassets; sourceTree = "<group>"; };
		EC1E1B6E243E7734003B1202 /* Base */ = {isa = PBXFileReference; lastKnownFileType = file.storyboard; name = Base; path = Base.lproj/LaunchScreen.storyboard; sourceTree = "<group>"; };
		EC1E1B70243E7734003B1202 /* Info.plist */ = {isa = PBXFileReference; lastKnownFileType = text.plist.xml; path = Info.plist; sourceTree = "<group>"; };
		EC1E1B75243E7734003B1202 /* BLOCK OFFTests.xctest */ = {isa = PBXFileReference; explicitFileType = wrapper.cfbundle; includeInIndex = 0; path = "BLOCK OFFTests.xctest"; sourceTree = BUILT_PRODUCTS_DIR; };
		EC1E1B79243E7734003B1202 /* BLOCK_OFFTests.swift */ = {isa = PBXFileReference; lastKnownFileType = sourcecode.swift; path = BLOCK_OFFTests.swift; sourceTree = "<group>"; };
		EC1E1B7B243E7734003B1202 /* Info.plist */ = {isa = PBXFileReference; lastKnownFileType = text.plist.xml; path = Info.plist; sourceTree = "<group>"; };
		EC1E1B80243E7734003B1202 /* BLOCK OFFUITests.xctest */ = {isa = PBXFileReference; explicitFileType = wrapper.cfbundle; includeInIndex = 0; path = "BLOCK OFFUITests.xctest"; sourceTree = BUILT_PRODUCTS_DIR; };
		EC1E1B84243E7734003B1202 /* BLOCK_OFFUITests.swift */ = {isa = PBXFileReference; lastKnownFileType = sourcecode.swift; path = BLOCK_OFFUITests.swift; sourceTree = "<group>"; };
		EC1E1B86243E7734003B1202 /* Info.plist */ = {isa = PBXFileReference; lastKnownFileType = text.plist.xml; path = Info.plist; sourceTree = "<group>"; };
		ECB1EE25243F17ED002F20C5 /* Poppins-ExtraLight.ttf */ = {isa = PBXFileReference; lastKnownFileType = file; path = "Poppins-ExtraLight.ttf"; sourceTree = "<group>"; };
		ECB1EE26243F17ED002F20C5 /* Poppins-ThinItalic.ttf */ = {isa = PBXFileReference; lastKnownFileType = file; path = "Poppins-ThinItalic.ttf"; sourceTree = "<group>"; };
		ECB1EE27243F17ED002F20C5 /* Poppins-ExtraLightItalic.ttf */ = {isa = PBXFileReference; lastKnownFileType = file; path = "Poppins-ExtraLightItalic.ttf"; sourceTree = "<group>"; };
		ECB1EE28243F17ED002F20C5 /* Poppins-BoldItalic.ttf */ = {isa = PBXFileReference; lastKnownFileType = file; path = "Poppins-BoldItalic.ttf"; sourceTree = "<group>"; };
		ECB1EE29243F17ED002F20C5 /* Poppins-Light.ttf */ = {isa = PBXFileReference; lastKnownFileType = file; path = "Poppins-Light.ttf"; sourceTree = "<group>"; };
		ECB1EE2A243F17ED002F20C5 /* Poppins-Medium.ttf */ = {isa = PBXFileReference; lastKnownFileType = file; path = "Poppins-Medium.ttf"; sourceTree = "<group>"; };
		ECB1EE2B243F17ED002F20C5 /* Poppins-SemiBoldItalic.ttf */ = {isa = PBXFileReference; lastKnownFileType = file; path = "Poppins-SemiBoldItalic.ttf"; sourceTree = "<group>"; };
		ECB1EE2C243F17ED002F20C5 /* Poppins-ExtraBoldItalic.ttf */ = {isa = PBXFileReference; lastKnownFileType = file; path = "Poppins-ExtraBoldItalic.ttf"; sourceTree = "<group>"; };
		ECB1EE2D243F17ED002F20C5 /* Poppins-ExtraBold.ttf */ = {isa = PBXFileReference; lastKnownFileType = file; path = "Poppins-ExtraBold.ttf"; sourceTree = "<group>"; };
		ECB1EE2E243F17ED002F20C5 /* Poppins-BlackItalic.ttf */ = {isa = PBXFileReference; lastKnownFileType = file; path = "Poppins-BlackItalic.ttf"; sourceTree = "<group>"; };
		ECB1EE30243F17ED002F20C5 /* Poppins-Regular.ttf */ = {isa = PBXFileReference; lastKnownFileType = file; path = "Poppins-Regular.ttf"; sourceTree = "<group>"; };
		ECB1EE31243F17ED002F20C5 /* Poppins-LightItalic.ttf */ = {isa = PBXFileReference; lastKnownFileType = file; path = "Poppins-LightItalic.ttf"; sourceTree = "<group>"; };
		ECB1EE32243F17ED002F20C5 /* Poppins-Bold.ttf */ = {isa = PBXFileReference; lastKnownFileType = file; path = "Poppins-Bold.ttf"; sourceTree = "<group>"; };
		ECB1EE33243F17ED002F20C5 /* Poppins-Black.ttf */ = {isa = PBXFileReference; lastKnownFileType = file; path = "Poppins-Black.ttf"; sourceTree = "<group>"; };
		ECB1EE34243F17ED002F20C5 /* Poppins-Thin.ttf */ = {isa = PBXFileReference; lastKnownFileType = file; path = "Poppins-Thin.ttf"; sourceTree = "<group>"; };
		ECB1EE35243F17ED002F20C5 /* Poppins-SemiBold.ttf */ = {isa = PBXFileReference; lastKnownFileType = file; path = "Poppins-SemiBold.ttf"; sourceTree = "<group>"; };
		ECB1EE36243F17ED002F20C5 /* Poppins-Italic.ttf */ = {isa = PBXFileReference; lastKnownFileType = file; path = "Poppins-Italic.ttf"; sourceTree = "<group>"; };
		ECB1EE37243F17ED002F20C5 /* Poppins-MediumItalic.ttf */ = {isa = PBXFileReference; lastKnownFileType = file; path = "Poppins-MediumItalic.ttf"; sourceTree = "<group>"; };
		ECB1EE4B243F61E0002F20C5 /* AppCoordinator.swift */ = {isa = PBXFileReference; lastKnownFileType = sourcecode.swift; path = AppCoordinator.swift; sourceTree = "<group>"; };
		ECB1EE51243F6B7A002F20C5 /* Authentication.storyboard */ = {isa = PBXFileReference; lastKnownFileType = file.storyboard; path = Authentication.storyboard; sourceTree = "<group>"; };
		ECB1EE53243F6DC2002F20C5 /* LoginVC.swift */ = {isa = PBXFileReference; lastKnownFileType = sourcecode.swift; path = LoginVC.swift; sourceTree = "<group>"; };
		ECB1EE55243F6E0D002F20C5 /* UIViewController.swift */ = {isa = PBXFileReference; fileEncoding = 4; lastKnownFileType = sourcecode.swift; path = UIViewController.swift; sourceTree = "<group>"; };
		ECB1EE58243F6E75002F20C5 /* HomeVC.swift */ = {isa = PBXFileReference; lastKnownFileType = sourcecode.swift; path = HomeVC.swift; sourceTree = "<group>"; };
		ECB1EE5C243F6EDC002F20C5 /* Home.storyboard */ = {isa = PBXFileReference; lastKnownFileType = file.storyboard; path = Home.storyboard; sourceTree = "<group>"; };
		ECB1EE5E243F6F3A002F20C5 /* Connectivity.swift */ = {isa = PBXFileReference; lastKnownFileType = sourcecode.swift; path = Connectivity.swift; sourceTree = "<group>"; };
		ECB1EE60243F6F57002F20C5 /* Constant.swift */ = {isa = PBXFileReference; lastKnownFileType = sourcecode.swift; path = Constant.swift; sourceTree = "<group>"; };
		ECB1EE62243F6F8A002F20C5 /* UIView.swift */ = {isa = PBXFileReference; fileEncoding = 4; lastKnownFileType = sourcecode.swift; path = UIView.swift; sourceTree = "<group>"; };
		ECB1EE64243F6FAD002F20C5 /* AuthToken.swift */ = {isa = PBXFileReference; fileEncoding = 4; lastKnownFileType = sourcecode.swift; path = AuthToken.swift; sourceTree = "<group>"; };
		ECB1EE66243F6FE6002F20C5 /* UIImageView.swift */ = {isa = PBXFileReference; fileEncoding = 4; lastKnownFileType = sourcecode.swift; path = UIImageView.swift; sourceTree = "<group>"; };
		ECB1EE68243F7011002F20C5 /* Date.swift */ = {isa = PBXFileReference; fileEncoding = 4; lastKnownFileType = sourcecode.swift; path = Date.swift; sourceTree = "<group>"; };
		ECB1EE6A243F7019002F20C5 /* Decodable+.swift */ = {isa = PBXFileReference; fileEncoding = 4; lastKnownFileType = sourcecode.swift; path = "Decodable+.swift"; sourceTree = "<group>"; };
		ECB1EE6D243F702A002F20C5 /* CustomPresentationController.swift */ = {isa = PBXFileReference; fileEncoding = 4; lastKnownFileType = sourcecode.swift; path = CustomPresentationController.swift; sourceTree = "<group>"; };
		ECB1EE6E243F702A002F20C5 /* Interactor.swift */ = {isa = PBXFileReference; fileEncoding = 4; lastKnownFileType = sourcecode.swift; path = Interactor.swift; sourceTree = "<group>"; };
		ECB1EE6F243F702A002F20C5 /* VisualEffectView.swift */ = {isa = PBXFileReference; fileEncoding = 4; lastKnownFileType = sourcecode.swift; path = VisualEffectView.swift; sourceTree = "<group>"; };
		ECB1EE70243F702A002F20C5 /* DismissAnimator.swift */ = {isa = PBXFileReference; fileEncoding = 4; lastKnownFileType = sourcecode.swift; path = DismissAnimator.swift; sourceTree = "<group>"; };
		ECB1EE71243F702A002F20C5 /* PresentAnimator.swift */ = {isa = PBXFileReference; fileEncoding = 4; lastKnownFileType = sourcecode.swift; path = PresentAnimator.swift; sourceTree = "<group>"; };
		ECB1EE7B243F753E002F20C5 /* AuthenticationCoordinatorProtocol.swift */ = {isa = PBXFileReference; lastKnownFileType = sourcecode.swift; path = AuthenticationCoordinatorProtocol.swift; sourceTree = "<group>"; };
		ECB1EE7D243F755B002F20C5 /* AuthenticationCoordinator.swift */ = {isa = PBXFileReference; lastKnownFileType = sourcecode.swift; path = AuthenticationCoordinator.swift; sourceTree = "<group>"; };
		ECB1EE80243F7652002F20C5 /* ForgotPasswordVC.swift */ = {isa = PBXFileReference; lastKnownFileType = sourcecode.swift; path = ForgotPasswordVC.swift; sourceTree = "<group>"; };
		ECB1EE83243F76C9002F20C5 /* RegisterVC.swift */ = {isa = PBXFileReference; lastKnownFileType = sourcecode.swift; path = RegisterVC.swift; sourceTree = "<group>"; };
		ECB1EE85243F812F002F20C5 /* BLOCK OFF.entitlements */ = {isa = PBXFileReference; lastKnownFileType = text.plist.entitlements; path = "BLOCK OFF.entitlements"; sourceTree = "<group>"; };
		ECC48CC96458B110F493C0CD /* Pods-BLOCK OFF-BLOCK OFFUITests.debug.xcconfig */ = {isa = PBXFileReference; includeInIndex = 1; lastKnownFileType = text.xcconfig; name = "Pods-BLOCK OFF-BLOCK OFFUITests.debug.xcconfig"; path = "Target Support Files/Pods-BLOCK OFF-BLOCK OFFUITests/Pods-BLOCK OFF-BLOCK OFFUITests.debug.xcconfig"; sourceTree = "<group>"; };
		EE88CB8815FE237A74688586 /* Pods_BLOCK_OFFTests.framework */ = {isa = PBXFileReference; explicitFileType = wrapper.framework; includeInIndex = 0; path = Pods_BLOCK_OFFTests.framework; sourceTree = BUILT_PRODUCTS_DIR; };
/* End PBXFileReference section */

/* Begin PBXFrameworksBuildPhase section */
		EC1E1B5C243E7730003B1202 /* Frameworks */ = {
			isa = PBXFrameworksBuildPhase;
			buildActionMask = 2147483647;
			files = (
				80530D006F8BF9AD08D583CA /* Pods_BLOCK_OFF.framework in Frameworks */,
			);
			runOnlyForDeploymentPostprocessing = 0;
		};
		EC1E1B72243E7734003B1202 /* Frameworks */ = {
			isa = PBXFrameworksBuildPhase;
			buildActionMask = 2147483647;
			files = (
				4721747417BBD6CCA327E862 /* Pods_BLOCK_OFFTests.framework in Frameworks */,
			);
			runOnlyForDeploymentPostprocessing = 0;
		};
		EC1E1B7D243E7734003B1202 /* Frameworks */ = {
			isa = PBXFrameworksBuildPhase;
			buildActionMask = 2147483647;
			files = (
				ED30BD3C6892DFC3DE81F9EE /* Pods_BLOCK_OFF_BLOCK_OFFUITests.framework in Frameworks */,
			);
			runOnlyForDeploymentPostprocessing = 0;
		};
/* End PBXFrameworksBuildPhase section */

/* Begin PBXGroup section */
		D70552B9C3E52E7AA1B45969 /* Pods */ = {
			isa = PBXGroup;
			children = (
				4027551BCEDB9EF03493AB31 /* Pods-BLOCK OFF.debug.xcconfig */,
				BCF2780BFABAE3B6DA93AED6 /* Pods-BLOCK OFF.release.xcconfig */,
				ECC48CC96458B110F493C0CD /* Pods-BLOCK OFF-BLOCK OFFUITests.debug.xcconfig */,
				D94067995F86A97E25429BBC /* Pods-BLOCK OFF-BLOCK OFFUITests.release.xcconfig */,
				AB9D2D424CB05D784D6ECBE4 /* Pods-BLOCK OFFTests.debug.xcconfig */,
				4E11ACFB77AD800E0ECE34DD /* Pods-BLOCK OFFTests.release.xcconfig */,
			);
			path = Pods;
			sourceTree = "<group>";
		};
		E535C592E3B2065FDA05AA7B /* Frameworks */ = {
			isa = PBXGroup;
			children = (
				B8023D849B58E36E29240C59 /* Pods_BLOCK_OFF.framework */,
				90B6AF7F7EAD7E9E4369CECC /* Pods_BLOCK_OFF_BLOCK_OFFUITests.framework */,
				EE88CB8815FE237A74688586 /* Pods_BLOCK_OFFTests.framework */,
			);
			name = Frameworks;
			sourceTree = "<group>";
		};
		EC1E1B56243E7730003B1202 = {
			isa = PBXGroup;
			children = (
				EC1E1B61243E7730003B1202 /* BLOCK OFF */,
				EC1E1B78243E7734003B1202 /* BLOCK OFFTests */,
				EC1E1B83243E7734003B1202 /* BLOCK OFFUITests */,
				EC1E1B60243E7730003B1202 /* Products */,
				D70552B9C3E52E7AA1B45969 /* Pods */,
				E535C592E3B2065FDA05AA7B /* Frameworks */,
			);
			sourceTree = "<group>";
		};
		EC1E1B60243E7730003B1202 /* Products */ = {
			isa = PBXGroup;
			children = (
				EC1E1B5F243E7730003B1202 /* BLOCK OFF.app */,
				EC1E1B75243E7734003B1202 /* BLOCK OFFTests.xctest */,
				EC1E1B80243E7734003B1202 /* BLOCK OFFUITests.xctest */,
			);
			name = Products;
			sourceTree = "<group>";
		};
		EC1E1B61243E7730003B1202 /* BLOCK OFF */ = {
			isa = PBXGroup;
			children = (
				ECB1EE85243F812F002F20C5 /* BLOCK OFF.entitlements */,
				EC1E1B92243E784A003B1202 /* App */,
				EC1E1B93243E7862003B1202 /* Launch */,
				ECB1EE4D243F6AF4002F20C5 /* Authentication */,
				ECB1EE57243F6E62002F20C5 /* Home */,
				EC1E1B95243E7E60003B1202 /* Util */,
				EC1E1B94243E7873003B1202 /* Resources */,
				EC1E1B70243E7734003B1202 /* Info.plist */,
			);
			path = "BLOCK OFF";
			sourceTree = "<group>";
		};
		EC1E1B78243E7734003B1202 /* BLOCK OFFTests */ = {
			isa = PBXGroup;
			children = (
				EC1E1B79243E7734003B1202 /* BLOCK_OFFTests.swift */,
				EC1E1B7B243E7734003B1202 /* Info.plist */,
			);
			path = "BLOCK OFFTests";
			sourceTree = "<group>";
		};
		EC1E1B83243E7734003B1202 /* BLOCK OFFUITests */ = {
			isa = PBXGroup;
			children = (
				EC1E1B84243E7734003B1202 /* BLOCK_OFFUITests.swift */,
				EC1E1B86243E7734003B1202 /* Info.plist */,
			);
			path = "BLOCK OFFUITests";
			sourceTree = "<group>";
		};
		EC1E1B92243E784A003B1202 /* App */ = {
			isa = PBXGroup;
			children = (
				EC1E1B62243E7730003B1202 /* AppDelegate.swift */,
				EC1E1B64243E7730003B1202 /* SceneDelegate.swift */,
				ECB1EE4B243F61E0002F20C5 /* AppCoordinator.swift */,
			);
			path = App;
			sourceTree = "<group>";
		};
		EC1E1B93243E7862003B1202 /* Launch */ = {
			isa = PBXGroup;
			children = (
				EC1E1B6D243E7734003B1202 /* LaunchScreen.storyboard */,
			);
			path = Launch;
			sourceTree = "<group>";
		};
		EC1E1B94243E7873003B1202 /* Resources */ = {
			isa = PBXGroup;
			children = (
				EC1E1B6B243E7734003B1202 /* Assets.xcassets */,
				EC890B52243E827F007D1483 /* Fonts */,
			);
			path = Resources;
			sourceTree = "<group>";
		};
		EC1E1B95243E7E60003B1202 /* Util */ = {
			isa = PBXGroup;
			children = (
				ECB1EE6C243F702A002F20C5 /* Custom Presentation VC */,
				ECB1EE55243F6E0D002F20C5 /* UIViewController.swift */,
				ECB1EE5E243F6F3A002F20C5 /* Connectivity.swift */,
				ECB1EE60243F6F57002F20C5 /* Constant.swift */,
				ECB1EE62243F6F8A002F20C5 /* UIView.swift */,
				ECB1EE64243F6FAD002F20C5 /* AuthToken.swift */,
				ECB1EE66243F6FE6002F20C5 /* UIImageView.swift */,
				ECB1EE68243F7011002F20C5 /* Date.swift */,
				ECB1EE6A243F7019002F20C5 /* Decodable+.swift */,
			);
			path = Util;
			sourceTree = "<group>";
		};
		EC890B52243E827F007D1483 /* Fonts */ = {
			isa = PBXGroup;
			children = (
				ECB1EE24243F17ED002F20C5 /* Poppins */,
			);
			path = Fonts;
			sourceTree = "<group>";
		};
		ECB1EE24243F17ED002F20C5 /* Poppins */ = {
			isa = PBXGroup;
			children = (
				ECB1EE25243F17ED002F20C5 /* Poppins-ExtraLight.ttf */,
				ECB1EE26243F17ED002F20C5 /* Poppins-ThinItalic.ttf */,
				ECB1EE27243F17ED002F20C5 /* Poppins-ExtraLightItalic.ttf */,
				ECB1EE28243F17ED002F20C5 /* Poppins-BoldItalic.ttf */,
				ECB1EE29243F17ED002F20C5 /* Poppins-Light.ttf */,
				ECB1EE2A243F17ED002F20C5 /* Poppins-Medium.ttf */,
				ECB1EE2B243F17ED002F20C5 /* Poppins-SemiBoldItalic.ttf */,
				ECB1EE2C243F17ED002F20C5 /* Poppins-ExtraBoldItalic.ttf */,
				ECB1EE2D243F17ED002F20C5 /* Poppins-ExtraBold.ttf */,
				ECB1EE2E243F17ED002F20C5 /* Poppins-BlackItalic.ttf */,
				ECB1EE30243F17ED002F20C5 /* Poppins-Regular.ttf */,
				ECB1EE31243F17ED002F20C5 /* Poppins-LightItalic.ttf */,
				ECB1EE32243F17ED002F20C5 /* Poppins-Bold.ttf */,
				ECB1EE33243F17ED002F20C5 /* Poppins-Black.ttf */,
				ECB1EE34243F17ED002F20C5 /* Poppins-Thin.ttf */,
				ECB1EE35243F17ED002F20C5 /* Poppins-SemiBold.ttf */,
				ECB1EE36243F17ED002F20C5 /* Poppins-Italic.ttf */,
				ECB1EE37243F17ED002F20C5 /* Poppins-MediumItalic.ttf */,
			);
			path = Poppins;
			sourceTree = "<group>";
		};
		ECB1EE4D243F6AF4002F20C5 /* Authentication */ = {
			isa = PBXGroup;
			children = (
				ECB1EE7A243F7512002F20C5 /* Coordinators */,
				ECB1EE4E243F6B36002F20C5 /* Service */,
				ECB1EE4F243F6B40002F20C5 /* Login */,
				ECB1EE82243F7680002F20C5 /* Register */,
				ECB1EE7F243F7621002F20C5 /* Forgot Password */,
				ECB1EE50243F6B52002F20C5 /* Storyboard */,
			);
			path = Authentication;
			sourceTree = "<group>";
		};
		ECB1EE4E243F6B36002F20C5 /* Service */ = {
			isa = PBXGroup;
			children = (
			);
			path = Service;
			sourceTree = "<group>";
		};
		ECB1EE4F243F6B40002F20C5 /* Login */ = {
			isa = PBXGroup;
			children = (
				ECB1EE53243F6DC2002F20C5 /* LoginVC.swift */,
			);
			path = Login;
			sourceTree = "<group>";
		};
		ECB1EE50243F6B52002F20C5 /* Storyboard */ = {
			isa = PBXGroup;
			children = (
				ECB1EE51243F6B7A002F20C5 /* Authentication.storyboard */,
			);
			path = Storyboard;
			sourceTree = "<group>";
		};
		ECB1EE57243F6E62002F20C5 /* Home */ = {
			isa = PBXGroup;
			children = (
				ECB1EE77243F706C002F20C5 /* Coordinators */,
				ECB1EE78243F7084002F20C5 /* Service */,
				ECB1EE5A243F6EB7002F20C5 /* List */,
				ECB1EE79243F7092002F20C5 /* View */,
				ECB1EE5B243F6ECC002F20C5 /* Storyboard */,
			);
			path = Home;
			sourceTree = "<group>";
		};
		ECB1EE5A243F6EB7002F20C5 /* List */ = {
			isa = PBXGroup;
			children = (
				ECB1EE58243F6E75002F20C5 /* HomeVC.swift */,
			);
			path = List;
			sourceTree = "<group>";
		};
		ECB1EE5B243F6ECC002F20C5 /* Storyboard */ = {
			isa = PBXGroup;
			children = (
				ECB1EE5C243F6EDC002F20C5 /* Home.storyboard */,
			);
			path = Storyboard;
			sourceTree = "<group>";
		};
		ECB1EE6C243F702A002F20C5 /* Custom Presentation VC */ = {
			isa = PBXGroup;
			children = (
				ECB1EE6D243F702A002F20C5 /* CustomPresentationController.swift */,
				ECB1EE6E243F702A002F20C5 /* Interactor.swift */,
				ECB1EE6F243F702A002F20C5 /* VisualEffectView.swift */,
				ECB1EE70243F702A002F20C5 /* DismissAnimator.swift */,
				ECB1EE71243F702A002F20C5 /* PresentAnimator.swift */,
			);
			path = "Custom Presentation VC";
			sourceTree = "<group>";
		};
		ECB1EE77243F706C002F20C5 /* Coordinators */ = {
			isa = PBXGroup;
			children = (
			);
			path = Coordinators;
			sourceTree = "<group>";
		};
		ECB1EE78243F7084002F20C5 /* Service */ = {
			isa = PBXGroup;
			children = (
			);
			path = Service;
			sourceTree = "<group>";
		};
		ECB1EE79243F7092002F20C5 /* View */ = {
			isa = PBXGroup;
			children = (
			);
			path = View;
			sourceTree = "<group>";
		};
		ECB1EE7A243F7512002F20C5 /* Coordinators */ = {
			isa = PBXGroup;
			children = (
				ECB1EE7B243F753E002F20C5 /* AuthenticationCoordinatorProtocol.swift */,
				ECB1EE7D243F755B002F20C5 /* AuthenticationCoordinator.swift */,
			);
			path = Coordinators;
			sourceTree = "<group>";
		};
		ECB1EE7F243F7621002F20C5 /* Forgot Password */ = {
			isa = PBXGroup;
			children = (
				ECB1EE80243F7652002F20C5 /* ForgotPasswordVC.swift */,
			);
			path = "Forgot Password";
			sourceTree = "<group>";
		};
		ECB1EE82243F7680002F20C5 /* Register */ = {
			isa = PBXGroup;
			children = (
				ECB1EE83243F76C9002F20C5 /* RegisterVC.swift */,
			);
			path = Register;
			sourceTree = "<group>";
		};
/* End PBXGroup section */

/* Begin PBXNativeTarget section */
		EC1E1B5E243E7730003B1202 /* BLOCK OFF */ = {
			isa = PBXNativeTarget;
			buildConfigurationList = EC1E1B89243E7734003B1202 /* Build configuration list for PBXNativeTarget "BLOCK OFF" */;
			buildPhases = (
				CEB3CEF6A2529C3C93C9FFFD /* [CP] Check Pods Manifest.lock */,
				EC1E1B5B243E7730003B1202 /* Sources */,
				EC1E1B5C243E7730003B1202 /* Frameworks */,
				EC1E1B5D243E7730003B1202 /* Resources */,
				580B7DEB74115D8B2323E501 /* [CP] Embed Pods Frameworks */,
				D5E12C56D3343F207C2E6A65 /* [CP] Copy Pods Resources */,
			);
			buildRules = (
			);
			dependencies = (
			);
			name = "BLOCK OFF";
			productName = "BLOCK OFF";
			productReference = EC1E1B5F243E7730003B1202 /* BLOCK OFF.app */;
			productType = "com.apple.product-type.application";
		};
		EC1E1B74243E7734003B1202 /* BLOCK OFFTests */ = {
			isa = PBXNativeTarget;
			buildConfigurationList = EC1E1B8C243E7734003B1202 /* Build configuration list for PBXNativeTarget "BLOCK OFFTests" */;
			buildPhases = (
				9436B47409DB63DDD7CC37C9 /* [CP] Check Pods Manifest.lock */,
				EC1E1B71243E7734003B1202 /* Sources */,
				EC1E1B72243E7734003B1202 /* Frameworks */,
				EC1E1B73243E7734003B1202 /* Resources */,
				AF31A69A22A13F68BE2BB2BB /* [CP] Embed Pods Frameworks */,
			);
			buildRules = (
			);
			dependencies = (
				EC1E1B77243E7734003B1202 /* PBXTargetDependency */,
			);
			name = "BLOCK OFFTests";
			productName = "BLOCK OFFTests";
			productReference = EC1E1B75243E7734003B1202 /* BLOCK OFFTests.xctest */;
			productType = "com.apple.product-type.bundle.unit-test";
		};
		EC1E1B7F243E7734003B1202 /* BLOCK OFFUITests */ = {
			isa = PBXNativeTarget;
			buildConfigurationList = EC1E1B8F243E7734003B1202 /* Build configuration list for PBXNativeTarget "BLOCK OFFUITests" */;
			buildPhases = (
				18CF3788A5F2CCEEF2581765 /* [CP] Check Pods Manifest.lock */,
				EC1E1B7C243E7734003B1202 /* Sources */,
				EC1E1B7D243E7734003B1202 /* Frameworks */,
				EC1E1B7E243E7734003B1202 /* Resources */,
				E9477FE3AEC12F9CE99BCCDC /* [CP] Embed Pods Frameworks */,
				A85321720C15530395BCB448 /* [CP] Copy Pods Resources */,
			);
			buildRules = (
			);
			dependencies = (
				EC1E1B82243E7734003B1202 /* PBXTargetDependency */,
			);
			name = "BLOCK OFFUITests";
			productName = "BLOCK OFFUITests";
			productReference = EC1E1B80243E7734003B1202 /* BLOCK OFFUITests.xctest */;
			productType = "com.apple.product-type.bundle.ui-testing";
		};
/* End PBXNativeTarget section */

/* Begin PBXProject section */
		EC1E1B57243E7730003B1202 /* Project object */ = {
			isa = PBXProject;
			attributes = {
				LastSwiftUpdateCheck = 1130;
				LastUpgradeCheck = 1130;
				ORGANIZATIONNAME = "Qëndrim Mjeku";
				TargetAttributes = {
					EC1E1B5E243E7730003B1202 = {
						CreatedOnToolsVersion = 11.3.1;
					};
					EC1E1B74243E7734003B1202 = {
						CreatedOnToolsVersion = 11.3.1;
						TestTargetID = EC1E1B5E243E7730003B1202;
					};
					EC1E1B7F243E7734003B1202 = {
						CreatedOnToolsVersion = 11.3.1;
						TestTargetID = EC1E1B5E243E7730003B1202;
					};
				};
			};
			buildConfigurationList = EC1E1B5A243E7730003B1202 /* Build configuration list for PBXProject "BLOCK OFF" */;
			compatibilityVersion = "Xcode 9.3";
			developmentRegion = en;
			hasScannedForEncodings = 0;
			knownRegions = (
				en,
				Base,
			);
			mainGroup = EC1E1B56243E7730003B1202;
			productRefGroup = EC1E1B60243E7730003B1202 /* Products */;
			projectDirPath = "";
			projectRoot = "";
			targets = (
				EC1E1B5E243E7730003B1202 /* BLOCK OFF */,
				EC1E1B74243E7734003B1202 /* BLOCK OFFTests */,
				EC1E1B7F243E7734003B1202 /* BLOCK OFFUITests */,
			);
		};
/* End PBXProject section */

/* Begin PBXResourcesBuildPhase section */
		EC1E1B5D243E7730003B1202 /* Resources */ = {
			isa = PBXResourcesBuildPhase;
			buildActionMask = 2147483647;
			files = (
				ECB1EE47243F17ED002F20C5 /* Poppins-Thin.ttf in Resources */,
				ECB1EE4A243F17ED002F20C5 /* Poppins-MediumItalic.ttf in Resources */,
				ECB1EE3A243F17ED002F20C5 /* Poppins-ExtraLightItalic.ttf in Resources */,
				ECB1EE41243F17ED002F20C5 /* Poppins-BlackItalic.ttf in Resources */,
				ECB1EE38243F17ED002F20C5 /* Poppins-ExtraLight.ttf in Resources */,
				ECB1EE48243F17ED002F20C5 /* Poppins-SemiBold.ttf in Resources */,
				ECB1EE3B243F17ED002F20C5 /* Poppins-BoldItalic.ttf in Resources */,
				ECB1EE3C243F17ED002F20C5 /* Poppins-Light.ttf in Resources */,
				ECB1EE46243F17ED002F20C5 /* Poppins-Black.ttf in Resources */,
				ECB1EE49243F17ED002F20C5 /* Poppins-Italic.ttf in Resources */,
				ECB1EE40243F17ED002F20C5 /* Poppins-ExtraBold.ttf in Resources */,
				ECB1EE44243F17ED002F20C5 /* Poppins-LightItalic.ttf in Resources */,
				EC1E1B6F243E7734003B1202 /* LaunchScreen.storyboard in Resources */,
				ECB1EE3E243F17ED002F20C5 /* Poppins-SemiBoldItalic.ttf in Resources */,
				ECB1EE52243F6B7A002F20C5 /* Authentication.storyboard in Resources */,
				ECB1EE43243F17ED002F20C5 /* Poppins-Regular.ttf in Resources */,
				ECB1EE3F243F17ED002F20C5 /* Poppins-ExtraBoldItalic.ttf in Resources */,
				ECB1EE45243F17ED002F20C5 /* Poppins-Bold.ttf in Resources */,
				ECB1EE39243F17ED002F20C5 /* Poppins-ThinItalic.ttf in Resources */,
				ECB1EE3D243F17ED002F20C5 /* Poppins-Medium.ttf in Resources */,
				EC1E1B6C243E7734003B1202 /* Assets.xcassets in Resources */,
				ECB1EE5D243F6EDC002F20C5 /* Home.storyboard in Resources */,
			);
			runOnlyForDeploymentPostprocessing = 0;
		};
		EC1E1B73243E7734003B1202 /* Resources */ = {
			isa = PBXResourcesBuildPhase;
			buildActionMask = 2147483647;
			files = (
			);
			runOnlyForDeploymentPostprocessing = 0;
		};
		EC1E1B7E243E7734003B1202 /* Resources */ = {
			isa = PBXResourcesBuildPhase;
			buildActionMask = 2147483647;
			files = (
			);
			runOnlyForDeploymentPostprocessing = 0;
		};
/* End PBXResourcesBuildPhase section */

/* Begin PBXShellScriptBuildPhase section */
		18CF3788A5F2CCEEF2581765 /* [CP] Check Pods Manifest.lock */ = {
			isa = PBXShellScriptBuildPhase;
			buildActionMask = 2147483647;
			files = (
			);
			inputFileListPaths = (
			);
			inputPaths = (
				"${PODS_PODFILE_DIR_PATH}/Podfile.lock",
				"${PODS_ROOT}/Manifest.lock",
			);
			name = "[CP] Check Pods Manifest.lock";
			outputFileListPaths = (
			);
			outputPaths = (
				"$(DERIVED_FILE_DIR)/Pods-BLOCK OFF-BLOCK OFFUITests-checkManifestLockResult.txt",
			);
			runOnlyForDeploymentPostprocessing = 0;
			shellPath = /bin/sh;
			shellScript = "diff \"${PODS_PODFILE_DIR_PATH}/Podfile.lock\" \"${PODS_ROOT}/Manifest.lock\" > /dev/null\nif [ $? != 0 ] ; then\n    # print error to STDERR\n    echo \"error: The sandbox is not in sync with the Podfile.lock. Run 'pod install' or update your CocoaPods installation.\" >&2\n    exit 1\nfi\n# This output is used by Xcode 'outputs' to avoid re-running this script phase.\necho \"SUCCESS\" > \"${SCRIPT_OUTPUT_FILE_0}\"\n";
			showEnvVarsInLog = 0;
		};
		580B7DEB74115D8B2323E501 /* [CP] Embed Pods Frameworks */ = {
			isa = PBXShellScriptBuildPhase;
			buildActionMask = 2147483647;
			files = (
			);
			inputFileListPaths = (
				"${PODS_ROOT}/Target Support Files/Pods-BLOCK OFF/Pods-BLOCK OFF-frameworks-${CONFIGURATION}-input-files.xcfilelist",
			);
			name = "[CP] Embed Pods Frameworks";
			outputFileListPaths = (
				"${PODS_ROOT}/Target Support Files/Pods-BLOCK OFF/Pods-BLOCK OFF-frameworks-${CONFIGURATION}-output-files.xcfilelist",
			);
			runOnlyForDeploymentPostprocessing = 0;
			shellPath = /bin/sh;
			shellScript = "\"${PODS_ROOT}/Target Support Files/Pods-BLOCK OFF/Pods-BLOCK OFF-frameworks.sh\"\n";
			showEnvVarsInLog = 0;
		};
		9436B47409DB63DDD7CC37C9 /* [CP] Check Pods Manifest.lock */ = {
			isa = PBXShellScriptBuildPhase;
			buildActionMask = 2147483647;
			files = (
			);
			inputFileListPaths = (
			);
			inputPaths = (
				"${PODS_PODFILE_DIR_PATH}/Podfile.lock",
				"${PODS_ROOT}/Manifest.lock",
			);
			name = "[CP] Check Pods Manifest.lock";
			outputFileListPaths = (
			);
			outputPaths = (
				"$(DERIVED_FILE_DIR)/Pods-BLOCK OFFTests-checkManifestLockResult.txt",
			);
			runOnlyForDeploymentPostprocessing = 0;
			shellPath = /bin/sh;
			shellScript = "diff \"${PODS_PODFILE_DIR_PATH}/Podfile.lock\" \"${PODS_ROOT}/Manifest.lock\" > /dev/null\nif [ $? != 0 ] ; then\n    # print error to STDERR\n    echo \"error: The sandbox is not in sync with the Podfile.lock. Run 'pod install' or update your CocoaPods installation.\" >&2\n    exit 1\nfi\n# This output is used by Xcode 'outputs' to avoid re-running this script phase.\necho \"SUCCESS\" > \"${SCRIPT_OUTPUT_FILE_0}\"\n";
			showEnvVarsInLog = 0;
		};
		A85321720C15530395BCB448 /* [CP] Copy Pods Resources */ = {
			isa = PBXShellScriptBuildPhase;
			buildActionMask = 2147483647;
			files = (
			);
			inputFileListPaths = (
				"${PODS_ROOT}/Target Support Files/Pods-BLOCK OFF-BLOCK OFFUITests/Pods-BLOCK OFF-BLOCK OFFUITests-resources-${CONFIGURATION}-input-files.xcfilelist",
			);
			name = "[CP] Copy Pods Resources";
			outputFileListPaths = (
				"${PODS_ROOT}/Target Support Files/Pods-BLOCK OFF-BLOCK OFFUITests/Pods-BLOCK OFF-BLOCK OFFUITests-resources-${CONFIGURATION}-output-files.xcfilelist",
			);
			runOnlyForDeploymentPostprocessing = 0;
			shellPath = /bin/sh;
			shellScript = "\"${PODS_ROOT}/Target Support Files/Pods-BLOCK OFF-BLOCK OFFUITests/Pods-BLOCK OFF-BLOCK OFFUITests-resources.sh\"\n";
			showEnvVarsInLog = 0;
		};
		AF31A69A22A13F68BE2BB2BB /* [CP] Embed Pods Frameworks */ = {
			isa = PBXShellScriptBuildPhase;
			buildActionMask = 2147483647;
			files = (
			);
			inputFileListPaths = (
				"${PODS_ROOT}/Target Support Files/Pods-BLOCK OFFTests/Pods-BLOCK OFFTests-frameworks-${CONFIGURATION}-input-files.xcfilelist",
			);
			name = "[CP] Embed Pods Frameworks";
			outputFileListPaths = (
				"${PODS_ROOT}/Target Support Files/Pods-BLOCK OFFTests/Pods-BLOCK OFFTests-frameworks-${CONFIGURATION}-output-files.xcfilelist",
			);
			runOnlyForDeploymentPostprocessing = 0;
			shellPath = /bin/sh;
			shellScript = "\"${PODS_ROOT}/Target Support Files/Pods-BLOCK OFFTests/Pods-BLOCK OFFTests-frameworks.sh\"\n";
			showEnvVarsInLog = 0;
		};
		CEB3CEF6A2529C3C93C9FFFD /* [CP] Check Pods Manifest.lock */ = {
			isa = PBXShellScriptBuildPhase;
			buildActionMask = 2147483647;
			files = (
			);
			inputFileListPaths = (
			);
			inputPaths = (
				"${PODS_PODFILE_DIR_PATH}/Podfile.lock",
				"${PODS_ROOT}/Manifest.lock",
			);
			name = "[CP] Check Pods Manifest.lock";
			outputFileListPaths = (
			);
			outputPaths = (
				"$(DERIVED_FILE_DIR)/Pods-BLOCK OFF-checkManifestLockResult.txt",
			);
			runOnlyForDeploymentPostprocessing = 0;
			shellPath = /bin/sh;
			shellScript = "diff \"${PODS_PODFILE_DIR_PATH}/Podfile.lock\" \"${PODS_ROOT}/Manifest.lock\" > /dev/null\nif [ $? != 0 ] ; then\n    # print error to STDERR\n    echo \"error: The sandbox is not in sync with the Podfile.lock. Run 'pod install' or update your CocoaPods installation.\" >&2\n    exit 1\nfi\n# This output is used by Xcode 'outputs' to avoid re-running this script phase.\necho \"SUCCESS\" > \"${SCRIPT_OUTPUT_FILE_0}\"\n";
			showEnvVarsInLog = 0;
		};
		D5E12C56D3343F207C2E6A65 /* [CP] Copy Pods Resources */ = {
			isa = PBXShellScriptBuildPhase;
			buildActionMask = 2147483647;
			files = (
			);
			inputFileListPaths = (
				"${PODS_ROOT}/Target Support Files/Pods-BLOCK OFF/Pods-BLOCK OFF-resources-${CONFIGURATION}-input-files.xcfilelist",
			);
			name = "[CP] Copy Pods Resources";
			outputFileListPaths = (
				"${PODS_ROOT}/Target Support Files/Pods-BLOCK OFF/Pods-BLOCK OFF-resources-${CONFIGURATION}-output-files.xcfilelist",
			);
			runOnlyForDeploymentPostprocessing = 0;
			shellPath = /bin/sh;
			shellScript = "\"${PODS_ROOT}/Target Support Files/Pods-BLOCK OFF/Pods-BLOCK OFF-resources.sh\"\n";
			showEnvVarsInLog = 0;
		};
		E9477FE3AEC12F9CE99BCCDC /* [CP] Embed Pods Frameworks */ = {
			isa = PBXShellScriptBuildPhase;
			buildActionMask = 2147483647;
			files = (
			);
			inputFileListPaths = (
				"${PODS_ROOT}/Target Support Files/Pods-BLOCK OFF-BLOCK OFFUITests/Pods-BLOCK OFF-BLOCK OFFUITests-frameworks-${CONFIGURATION}-input-files.xcfilelist",
			);
			name = "[CP] Embed Pods Frameworks";
			outputFileListPaths = (
				"${PODS_ROOT}/Target Support Files/Pods-BLOCK OFF-BLOCK OFFUITests/Pods-BLOCK OFF-BLOCK OFFUITests-frameworks-${CONFIGURATION}-output-files.xcfilelist",
			);
			runOnlyForDeploymentPostprocessing = 0;
			shellPath = /bin/sh;
			shellScript = "\"${PODS_ROOT}/Target Support Files/Pods-BLOCK OFF-BLOCK OFFUITests/Pods-BLOCK OFF-BLOCK OFFUITests-frameworks.sh\"\n";
			showEnvVarsInLog = 0;
		};
/* End PBXShellScriptBuildPhase section */

/* Begin PBXSourcesBuildPhase section */
		EC1E1B5B243E7730003B1202 /* Sources */ = {
			isa = PBXSourcesBuildPhase;
			buildActionMask = 2147483647;
			files = (
				ECB1EE63243F6F8A002F20C5 /* UIView.swift in Sources */,
				ECB1EE4C243F61E0002F20C5 /* AppCoordinator.swift in Sources */,
				ECB1EE7C243F753E002F20C5 /* AuthenticationCoordinatorProtocol.swift in Sources */,
				ECB1EE59243F6E75002F20C5 /* HomeVC.swift in Sources */,
				ECB1EE61243F6F57002F20C5 /* Constant.swift in Sources */,
				ECB1EE67243F6FE6002F20C5 /* UIImageView.swift in Sources */,
				ECB1EE7E243F755B002F20C5 /* AuthenticationCoordinator.swift in Sources */,
				ECB1EE73243F702A002F20C5 /* Interactor.swift in Sources */,
				ECB1EE81243F7652002F20C5 /* ForgotPasswordVC.swift in Sources */,
				ECB1EE75243F702A002F20C5 /* DismissAnimator.swift in Sources */,
				ECB1EE76243F702A002F20C5 /* PresentAnimator.swift in Sources */,
				ECB1EE56243F6E0E002F20C5 /* UIViewController.swift in Sources */,
				ECB1EE5F243F6F3A002F20C5 /* Connectivity.swift in Sources */,
				ECB1EE72243F702A002F20C5 /* CustomPresentationController.swift in Sources */,
				EC1E1B63243E7730003B1202 /* AppDelegate.swift in Sources */,
				ECB1EE84243F76C9002F20C5 /* RegisterVC.swift in Sources */,
				EC1E1B65243E7730003B1202 /* SceneDelegate.swift in Sources */,
				ECB1EE54243F6DC2002F20C5 /* LoginVC.swift in Sources */,
				ECB1EE69243F7011002F20C5 /* Date.swift in Sources */,
				ECB1EE65243F6FAD002F20C5 /* AuthToken.swift in Sources */,
				ECB1EE74243F702A002F20C5 /* VisualEffectView.swift in Sources */,
				ECB1EE6B243F7019002F20C5 /* Decodable+.swift in Sources */,
			);
			runOnlyForDeploymentPostprocessing = 0;
		};
		EC1E1B71243E7734003B1202 /* Sources */ = {
			isa = PBXSourcesBuildPhase;
			buildActionMask = 2147483647;
			files = (
				EC1E1B7A243E7734003B1202 /* BLOCK_OFFTests.swift in Sources */,
			);
			runOnlyForDeploymentPostprocessing = 0;
		};
		EC1E1B7C243E7734003B1202 /* Sources */ = {
			isa = PBXSourcesBuildPhase;
			buildActionMask = 2147483647;
			files = (
				EC1E1B85243E7734003B1202 /* BLOCK_OFFUITests.swift in Sources */,
			);
			runOnlyForDeploymentPostprocessing = 0;
		};
/* End PBXSourcesBuildPhase section */

/* Begin PBXTargetDependency section */
		EC1E1B77243E7734003B1202 /* PBXTargetDependency */ = {
			isa = PBXTargetDependency;
			target = EC1E1B5E243E7730003B1202 /* BLOCK OFF */;
			targetProxy = EC1E1B76243E7734003B1202 /* PBXContainerItemProxy */;
		};
		EC1E1B82243E7734003B1202 /* PBXTargetDependency */ = {
			isa = PBXTargetDependency;
			target = EC1E1B5E243E7730003B1202 /* BLOCK OFF */;
			targetProxy = EC1E1B81243E7734003B1202 /* PBXContainerItemProxy */;
		};
/* End PBXTargetDependency section */

/* Begin PBXVariantGroup section */
		EC1E1B6D243E7734003B1202 /* LaunchScreen.storyboard */ = {
			isa = PBXVariantGroup;
			children = (
				EC1E1B6E243E7734003B1202 /* Base */,
			);
			name = LaunchScreen.storyboard;
			sourceTree = "<group>";
		};
/* End PBXVariantGroup section */

/* Begin XCBuildConfiguration section */
		EC1E1B87243E7734003B1202 /* Debug */ = {
			isa = XCBuildConfiguration;
			buildSettings = {
				ALWAYS_SEARCH_USER_PATHS = NO;
				CLANG_ANALYZER_NONNULL = YES;
				CLANG_ANALYZER_NUMBER_OBJECT_CONVERSION = YES_AGGRESSIVE;
				CLANG_CXX_LANGUAGE_STANDARD = "gnu++14";
				CLANG_CXX_LIBRARY = "libc++";
				CLANG_ENABLE_MODULES = YES;
				CLANG_ENABLE_OBJC_ARC = YES;
				CLANG_ENABLE_OBJC_WEAK = YES;
				CLANG_WARN_BLOCK_CAPTURE_AUTORELEASING = YES;
				CLANG_WARN_BOOL_CONVERSION = YES;
				CLANG_WARN_COMMA = YES;
				CLANG_WARN_CONSTANT_CONVERSION = YES;
				CLANG_WARN_DEPRECATED_OBJC_IMPLEMENTATIONS = YES;
				CLANG_WARN_DIRECT_OBJC_ISA_USAGE = YES_ERROR;
				CLANG_WARN_DOCUMENTATION_COMMENTS = YES;
				CLANG_WARN_EMPTY_BODY = YES;
				CLANG_WARN_ENUM_CONVERSION = YES;
				CLANG_WARN_INFINITE_RECURSION = YES;
				CLANG_WARN_INT_CONVERSION = YES;
				CLANG_WARN_NON_LITERAL_NULL_CONVERSION = YES;
				CLANG_WARN_OBJC_IMPLICIT_RETAIN_SELF = YES;
				CLANG_WARN_OBJC_LITERAL_CONVERSION = YES;
				CLANG_WARN_OBJC_ROOT_CLASS = YES_ERROR;
				CLANG_WARN_RANGE_LOOP_ANALYSIS = YES;
				CLANG_WARN_STRICT_PROTOTYPES = YES;
				CLANG_WARN_SUSPICIOUS_MOVE = YES;
				CLANG_WARN_UNGUARDED_AVAILABILITY = YES_AGGRESSIVE;
				CLANG_WARN_UNREACHABLE_CODE = YES;
				CLANG_WARN__DUPLICATE_METHOD_MATCH = YES;
				COPY_PHASE_STRIP = NO;
				DEBUG_INFORMATION_FORMAT = dwarf;
				ENABLE_STRICT_OBJC_MSGSEND = YES;
				ENABLE_TESTABILITY = YES;
				GCC_C_LANGUAGE_STANDARD = gnu11;
				GCC_DYNAMIC_NO_PIC = NO;
				GCC_NO_COMMON_BLOCKS = YES;
				GCC_OPTIMIZATION_LEVEL = 0;
				GCC_PREPROCESSOR_DEFINITIONS = (
					"DEBUG=1",
					"$(inherited)",
				);
				GCC_WARN_64_TO_32_BIT_CONVERSION = YES;
				GCC_WARN_ABOUT_RETURN_TYPE = YES_ERROR;
				GCC_WARN_UNDECLARED_SELECTOR = YES;
				GCC_WARN_UNINITIALIZED_AUTOS = YES_AGGRESSIVE;
				GCC_WARN_UNUSED_FUNCTION = YES;
				GCC_WARN_UNUSED_VARIABLE = YES;
				IPHONEOS_DEPLOYMENT_TARGET = 13.0;
				MTL_ENABLE_DEBUG_INFO = INCLUDE_SOURCE;
				MTL_FAST_MATH = YES;
				ONLY_ACTIVE_ARCH = YES;
				SDKROOT = iphoneos;
				SWIFT_ACTIVE_COMPILATION_CONDITIONS = DEBUG;
				SWIFT_OPTIMIZATION_LEVEL = "-Onone";
			};
			name = Debug;
		};
		EC1E1B88243E7734003B1202 /* Release */ = {
			isa = XCBuildConfiguration;
			buildSettings = {
				ALWAYS_SEARCH_USER_PATHS = NO;
				CLANG_ANALYZER_NONNULL = YES;
				CLANG_ANALYZER_NUMBER_OBJECT_CONVERSION = YES_AGGRESSIVE;
				CLANG_CXX_LANGUAGE_STANDARD = "gnu++14";
				CLANG_CXX_LIBRARY = "libc++";
				CLANG_ENABLE_MODULES = YES;
				CLANG_ENABLE_OBJC_ARC = YES;
				CLANG_ENABLE_OBJC_WEAK = YES;
				CLANG_WARN_BLOCK_CAPTURE_AUTORELEASING = YES;
				CLANG_WARN_BOOL_CONVERSION = YES;
				CLANG_WARN_COMMA = YES;
				CLANG_WARN_CONSTANT_CONVERSION = YES;
				CLANG_WARN_DEPRECATED_OBJC_IMPLEMENTATIONS = YES;
				CLANG_WARN_DIRECT_OBJC_ISA_USAGE = YES_ERROR;
				CLANG_WARN_DOCUMENTATION_COMMENTS = YES;
				CLANG_WARN_EMPTY_BODY = YES;
				CLANG_WARN_ENUM_CONVERSION = YES;
				CLANG_WARN_INFINITE_RECURSION = YES;
				CLANG_WARN_INT_CONVERSION = YES;
				CLANG_WARN_NON_LITERAL_NULL_CONVERSION = YES;
				CLANG_WARN_OBJC_IMPLICIT_RETAIN_SELF = YES;
				CLANG_WARN_OBJC_LITERAL_CONVERSION = YES;
				CLANG_WARN_OBJC_ROOT_CLASS = YES_ERROR;
				CLANG_WARN_RANGE_LOOP_ANALYSIS = YES;
				CLANG_WARN_STRICT_PROTOTYPES = YES;
				CLANG_WARN_SUSPICIOUS_MOVE = YES;
				CLANG_WARN_UNGUARDED_AVAILABILITY = YES_AGGRESSIVE;
				CLANG_WARN_UNREACHABLE_CODE = YES;
				CLANG_WARN__DUPLICATE_METHOD_MATCH = YES;
				COPY_PHASE_STRIP = NO;
				DEBUG_INFORMATION_FORMAT = "dwarf-with-dsym";
				ENABLE_NS_ASSERTIONS = NO;
				ENABLE_STRICT_OBJC_MSGSEND = YES;
				GCC_C_LANGUAGE_STANDARD = gnu11;
				GCC_NO_COMMON_BLOCKS = YES;
				GCC_WARN_64_TO_32_BIT_CONVERSION = YES;
				GCC_WARN_ABOUT_RETURN_TYPE = YES_ERROR;
				GCC_WARN_UNDECLARED_SELECTOR = YES;
				GCC_WARN_UNINITIALIZED_AUTOS = YES_AGGRESSIVE;
				GCC_WARN_UNUSED_FUNCTION = YES;
				GCC_WARN_UNUSED_VARIABLE = YES;
				IPHONEOS_DEPLOYMENT_TARGET = 13.0;
				MTL_ENABLE_DEBUG_INFO = NO;
				MTL_FAST_MATH = YES;
				SDKROOT = iphoneos;
				SWIFT_COMPILATION_MODE = wholemodule;
				SWIFT_OPTIMIZATION_LEVEL = "-O";
				VALIDATE_PRODUCT = YES;
			};
			name = Release;
		};
		EC1E1B8A243E7734003B1202 /* Debug */ = {
			isa = XCBuildConfiguration;
			baseConfigurationReference = 4027551BCEDB9EF03493AB31 /* Pods-BLOCK OFF.debug.xcconfig */;
			buildSettings = {
				ASSETCATALOG_COMPILER_APPICON_NAME = AppIcon;
				CODE_SIGN_ENTITLEMENTS = "BLOCK OFF/BLOCK OFF.entitlements";
				CODE_SIGN_STYLE = Automatic;
				DEVELOPMENT_TEAM = K3WASUX7SL;
				INFOPLIST_FILE = "BLOCK OFF/Info.plist";
				LD_RUNPATH_SEARCH_PATHS = (
					"$(inherited)",
					"@executable_path/Frameworks",
				);
				PRODUCT_BUNDLE_IDENTIFIER = "com.beta.BLOCK-OFF";
				PRODUCT_NAME = "$(TARGET_NAME)";
				SWIFT_VERSION = 5.0;
				TARGETED_DEVICE_FAMILY = 1;
			};
			name = Debug;
		};
		EC1E1B8B243E7734003B1202 /* Release */ = {
			isa = XCBuildConfiguration;
			baseConfigurationReference = BCF2780BFABAE3B6DA93AED6 /* Pods-BLOCK OFF.release.xcconfig */;
			buildSettings = {
				ASSETCATALOG_COMPILER_APPICON_NAME = AppIcon;
				CODE_SIGN_ENTITLEMENTS = "BLOCK OFF/BLOCK OFF.entitlements";
				CODE_SIGN_STYLE = Automatic;
				DEVELOPMENT_TEAM = K3WASUX7SL;
				INFOPLIST_FILE = "BLOCK OFF/Info.plist";
				LD_RUNPATH_SEARCH_PATHS = (
					"$(inherited)",
					"@executable_path/Frameworks",
				);
				PRODUCT_BUNDLE_IDENTIFIER = "com.beta.BLOCK-OFF";
				PRODUCT_NAME = "$(TARGET_NAME)";
				SWIFT_VERSION = 5.0;
				TARGETED_DEVICE_FAMILY = 1;
			};
			name = Release;
		};
		EC1E1B8D243E7734003B1202 /* Debug */ = {
			isa = XCBuildConfiguration;
			baseConfigurationReference = AB9D2D424CB05D784D6ECBE4 /* Pods-BLOCK OFFTests.debug.xcconfig */;
			buildSettings = {
				ALWAYS_EMBED_SWIFT_STANDARD_LIBRARIES = "$(inherited)";
				BUNDLE_LOADER = "$(TEST_HOST)";
				CODE_SIGN_STYLE = Automatic;
				DEVELOPMENT_TEAM = K3WASUX7SL;
				INFOPLIST_FILE = "BLOCK OFFTests/Info.plist";
				IPHONEOS_DEPLOYMENT_TARGET = 13.2;
				LD_RUNPATH_SEARCH_PATHS = (
					"$(inherited)",
					"@executable_path/Frameworks",
					"@loader_path/Frameworks",
				);
				PRODUCT_BUNDLE_IDENTIFIER = "com.beta.BLOCK-OFFTests";
				PRODUCT_NAME = "$(TARGET_NAME)";
				SWIFT_VERSION = 5.0;
				TARGETED_DEVICE_FAMILY = "1,2";
				TEST_HOST = "$(BUILT_PRODUCTS_DIR)/BLOCK OFF.app/BLOCK OFF";
			};
			name = Debug;
		};
		EC1E1B8E243E7734003B1202 /* Release */ = {
			isa = XCBuildConfiguration;
			baseConfigurationReference = 4E11ACFB77AD800E0ECE34DD /* Pods-BLOCK OFFTests.release.xcconfig */;
			buildSettings = {
				ALWAYS_EMBED_SWIFT_STANDARD_LIBRARIES = "$(inherited)";
				BUNDLE_LOADER = "$(TEST_HOST)";
				CODE_SIGN_STYLE = Automatic;
				DEVELOPMENT_TEAM = K3WASUX7SL;
				INFOPLIST_FILE = "BLOCK OFFTests/Info.plist";
				IPHONEOS_DEPLOYMENT_TARGET = 13.2;
				LD_RUNPATH_SEARCH_PATHS = (
					"$(inherited)",
					"@executable_path/Frameworks",
					"@loader_path/Frameworks",
				);
				PRODUCT_BUNDLE_IDENTIFIER = "com.beta.BLOCK-OFFTests";
				PRODUCT_NAME = "$(TARGET_NAME)";
				SWIFT_VERSION = 5.0;
				TARGETED_DEVICE_FAMILY = "1,2";
				TEST_HOST = "$(BUILT_PRODUCTS_DIR)/BLOCK OFF.app/BLOCK OFF";
			};
			name = Release;
		};
		EC1E1B90243E7734003B1202 /* Debug */ = {
			isa = XCBuildConfiguration;
			baseConfigurationReference = ECC48CC96458B110F493C0CD /* Pods-BLOCK OFF-BLOCK OFFUITests.debug.xcconfig */;
			buildSettings = {
				ALWAYS_EMBED_SWIFT_STANDARD_LIBRARIES = "$(inherited)";
				CODE_SIGN_STYLE = Automatic;
				DEVELOPMENT_TEAM = K3WASUX7SL;
				INFOPLIST_FILE = "BLOCK OFFUITests/Info.plist";
				LD_RUNPATH_SEARCH_PATHS = (
					"$(inherited)",
					"@executable_path/Frameworks",
					"@loader_path/Frameworks",
				);
				PRODUCT_BUNDLE_IDENTIFIER = "com.beta.BLOCK-OFFUITests";
				PRODUCT_NAME = "$(TARGET_NAME)";
				SWIFT_VERSION = 5.0;
				TARGETED_DEVICE_FAMILY = "1,2";
				TEST_TARGET_NAME = "BLOCK OFF";
			};
			name = Debug;
		};
		EC1E1B91243E7734003B1202 /* Release */ = {
			isa = XCBuildConfiguration;
			baseConfigurationReference = D94067995F86A97E25429BBC /* Pods-BLOCK OFF-BLOCK OFFUITests.release.xcconfig */;
			buildSettings = {
				ALWAYS_EMBED_SWIFT_STANDARD_LIBRARIES = "$(inherited)";
				CODE_SIGN_STYLE = Automatic;
				DEVELOPMENT_TEAM = K3WASUX7SL;
				INFOPLIST_FILE = "BLOCK OFFUITests/Info.plist";
				LD_RUNPATH_SEARCH_PATHS = (
					"$(inherited)",
					"@executable_path/Frameworks",
					"@loader_path/Frameworks",
				);
				PRODUCT_BUNDLE_IDENTIFIER = "com.beta.BLOCK-OFFUITests";
				PRODUCT_NAME = "$(TARGET_NAME)";
				SWIFT_VERSION = 5.0;
				TARGETED_DEVICE_FAMILY = "1,2";
				TEST_TARGET_NAME = "BLOCK OFF";
			};
			name = Release;
		};
/* End XCBuildConfiguration section */

/* Begin XCConfigurationList section */
		EC1E1B5A243E7730003B1202 /* Build configuration list for PBXProject "BLOCK OFF" */ = {
			isa = XCConfigurationList;
			buildConfigurations = (
				EC1E1B87243E7734003B1202 /* Debug */,
				EC1E1B88243E7734003B1202 /* Release */,
			);
			defaultConfigurationIsVisible = 0;
			defaultConfigurationName = Release;
		};
		EC1E1B89243E7734003B1202 /* Build configuration list for PBXNativeTarget "BLOCK OFF" */ = {
			isa = XCConfigurationList;
			buildConfigurations = (
				EC1E1B8A243E7734003B1202 /* Debug */,
				EC1E1B8B243E7734003B1202 /* Release */,
			);
			defaultConfigurationIsVisible = 0;
			defaultConfigurationName = Release;
		};
		EC1E1B8C243E7734003B1202 /* Build configuration list for PBXNativeTarget "BLOCK OFFTests" */ = {
			isa = XCConfigurationList;
			buildConfigurations = (
				EC1E1B8D243E7734003B1202 /* Debug */,
				EC1E1B8E243E7734003B1202 /* Release */,
			);
			defaultConfigurationIsVisible = 0;
			defaultConfigurationName = Release;
		};
		EC1E1B8F243E7734003B1202 /* Build configuration list for PBXNativeTarget "BLOCK OFFUITests" */ = {
			isa = XCConfigurationList;
			buildConfigurations = (
				EC1E1B90243E7734003B1202 /* Debug */,
				EC1E1B91243E7734003B1202 /* Release */,
			);
			defaultConfigurationIsVisible = 0;
			defaultConfigurationName = Release;
		};
/* End XCConfigurationList section */
	};
	rootObject = EC1E1B57243E7730003B1202 /* Project object */;
}
